
Microsoft Visual Studio Solution File, Format Version 12.00
# Visual Studio Version 17
VisualStudioVersion = 17.13.35913.81
MinimumVisualStudioVersion = 10.0.40219.1
Project("{FAE04EC0-301F-11D3-BF4B-00C04F79EFBC}") = "Budderfly_MAUI_Test", "Budderfly_MAUI_Test.csproj", "{550E40A7-E6D1-4FBE-9B93-79DF95B9CFDC}"
EndProject
Project("{FAE04EC0-301F-11D3-BF4B-00C04F79EFBC}") = "budderfly_maui_test.unit_test", "..\budderfly_maui_test.unit_test\budderfly_maui_test.unit_test.csproj", "{84C2731A-4728-4766-92A1-FBC8FF2B84BF}"
EndProject
Global
	GlobalSection(SolutionConfigurationPlatforms) = preSolution
		Debug|Any CPU = Debug|Any CPU
		Release|Any CPU = Release|Any CPU
	EndGlobalSection
	GlobalSection(ProjectConfigurationPlatforms) = postSolution
		{550E40A7-E6D1-4FBE-9B93-79DF95B9CFDC}.Debug|Any CPU.ActiveCfg = Debug|Any CPU
		{550E40A7-E6D1-4FBE-9B93-79DF95B9CFDC}.Debug|Any CPU.Build.0 = Debug|Any CPU
		{550E40A7-E6D1-4FBE-9B93-79DF95B9CFDC}.Debug|Any CPU.Deploy.0 = Debug|Any CPU
		{550E40A7-E6D1-4FBE-9B93-79DF95B9CFDC}.Release|Any CPU.ActiveCfg = Release|Any CPU
		{550E40A7-E6D1-4FBE-9B93-79DF95B9CFDC}.Release|Any CPU.Build.0 = Release|Any CPU
		{84C2731A-4728-4766-92A1-FBC8FF2B84BF}.Debug|Any CPU.ActiveCfg = Debug|Any CPU
		{84C2731A-4728-4766-92A1-FBC8FF2B84BF}.Debug|Any CPU.Build.0 = Debug|Any CPU
		{84C2731A-4728-4766-92A1-FBC8FF2B84BF}.Release|Any CPU.ActiveCfg = Release|Any CPU
		{84C2731A-4728-4766-92A1-FBC8FF2B84BF}.Release|Any CPU.Build.0 = Release|Any CPU
	EndGlobalSection
	GlobalSection(SolutionProperties) = preSolution
		HideSolutionNode = FALSE
	EndGlobalSection
	GlobalSection(ExtensibilityGlobals) = postSolution
		SolutionGuid = {A6ED42D7-B7A3-48E5-B630-0234A6EFB60C}
	EndGlobalSection
EndGlobal
